// !$*UTF8*$!
{
	archiveVersion = 1;
	classes = {
	};
	objectVersion = 56;
	objects = {

/* Begin PBXBuildFile section */
		D6965B262F8137B900DE4EAB /* HelloAnimationApp.swift in Sources */ = {isa = PBXBuildFile; fileRef = D6965B252F8137B900DE4EAB /* HelloAnimationApp.swift */; };
		D6965B282F8137B900DE4EAB /* ContentView.swift in Sources */ = {isa = PBXBuildFile; fileRef = D6965B272F8137B900DE4EAB /* ContentView.swift */; };
		D6965B2A2F8137BB00DE4EAB /* Assets.xcassets in Resources */ = {isa = PBXBuildFile; fileRef = D6965B292F8137BB00DE4EAB /* Assets.xcassets */; };
		D6965B2D2F8137BB00DE4EAB /* Preview Assets.xcassets in Resources */ = {isa = PBXBuildFile; fileRef = D6965B2C2F8137BB00DE4EAB /* Preview Assets.xcassets */; };
		D6965B372F8137BC00DE4EAB /* HelloAnimationTests.swift in Sources */ = {isa = PBXBuildFile; fileRef = D6965B362F8137BC00DE4EAB /* HelloAnimationTests.swift */; };
		D6965B412F8137BC00DE4EAB /* HelloAnimationUITests.swift in Sources */ = {isa = PBXBuildFile; fileRef = D6965B402F8137BC00DE4EAB /* HelloAnimationUITests.swift */; };
		D6965B432F8137BC00DE4EAB /* HelloAnimationUITestsLaunchTests.swift in Sources */ = {isa = PBXBuildFile; fileRef = D6965B422F8137BC00DE4EAB /* HelloAnimationUITestsLaunchTests.swift */; };
		D6965B502F8137D600DE4EAB /* HelloShape.swift in Sources */ = {isa = PBXBuildFile; fileRef = D6965B4F2F8137D500DE4EAB /* HelloShape.swift */; };
/* End PBXBuildFile section */

/* Begin PBXContainerItemProxy section */
		D6965B332F8137BC00DE4EAB /* PBXContainerItemProxy */ = {
			isa = PBXContainerItemProxy;
			containerPortal = D6965B1A2F8137B900DE4EAB /* Project object */;
			proxyType = 1;
			remoteGlobalIDString = D6965B212F8137B900DE4EAB;
			remoteInfo = HelloAnimation;
		};
		D6965B3D2F8137BC00DE4EAB /* PBXContainerItemProxy */ = {
			isa = PBXContainerItemProxy;
			containerPortal = D6965B1A2F8137B900DE4EAB /* Project object */;
			proxyType = 1;
			remoteGlobalIDString = D6965B212F8137B900DE4EAB;
			remoteInfo = HelloAnimation;
		};
/* End PBXContainerItemProxy section */

/* Begin PBXFileReference section */
		D6965B222F8137B900DE4EAB /* HelloAnimation.app */ = {isa = PBXFileReference; explicitFileType = wrapper.application; includeInIndex = 0; path = HelloAnimation.app; sourceTree = BUILT_PRODUCTS_DIR; };
		D6965B252F8137B900DE4EAB /* HelloAnimationApp.swift */ = {isa = PBXFileReference; lastKnownFileType = sourcecode.swift; path = HelloAnimationApp.swift; sourceTree = "<group>"; };
		D6965B272F8137B900DE4EAB /* ContentView.swift */ = {isa = PBXFileReference; lastKnownFileType = sourcecode.swift; path = ContentView.swift; sourceTree = "<group>"; };
		D6965B292F8137BB00DE4EAB /* Assets.xcassets */ = {isa = PBXFileReference; lastKnownFileType = folder.assetcatalog; path = Assets.xcassets; sourceTree = "<group>"; };
		D6965B2C2F8137BB00DE4EAB /* Preview Assets.xcassets */ = {isa = PBXFileReference; lastKnownFileType = folder.assetcatalog; path = "Preview Assets.xcassets"; sourceTree = "<group>"; };
		D6965B322F8137BC00DE4EAB /* HelloAnimationTests.xctest */ = {isa = PBXFileReference; explicitFileType = wrapper.cfbundle; includeInIndex = 0; path = HelloAnimationTests.xctest; sourceTree = BUILT_PRODUCTS_DIR; };
		D6965B362F8137BC00DE4EAB /* HelloAnimationTests.swift */ = {isa = PBXFileReference; lastKnownFileType = sourcecode.swift; path = HelloAnimationTests.swift; sourceTree = "<group>"; };
		D6965B3C2F8137BC00DE4EAB /* HelloAnimationUITests.xctest */ = {isa = PBXFileReference; explicitFileType = wrapper.cfbundle; includeInIndex = 0; path = HelloAnimationUITests.xctest; sourceTree = BUILT_PRODUCTS_DIR; };
		D6965B402F8137BC00DE4EAB /* HelloAnimationUITests.swift */ = {isa = PBXFileReference; lastKnownFileType = sourcecode.swift; path = HelloAnimationUITests.swift; sourceTree = "<group>"; };
		D6965B422F8137BC00DE4EAB /* HelloAnimationUITestsLaunchTests.swift */ = {isa = PBXFileReference; lastKnownFileType = sourcecode.swift; path = HelloAnimationUITestsLaunchTests.swift; sourceTree = "<group>"; };
		D6965B4F2F8137D500DE4EAB /* HelloShape.swift */ = {isa = PBXFileReference; lastKnownFileType = sourcecode.swift; path = HelloShape.swift; sourceTree = "<group>"; };
/* End PBXFileReference section */

/* Begin PBXFrameworksBuildPhase section */
		D6965B1F2F8137B900DE4EAB /* Frameworks */ = {
			isa = PBXFrameworksBuildPhase;
			buildActionMask = 2147483647;
			files = (
			);
			runOnlyForDeploymentPostprocessing = 0;
		};
		D6965B2F2F8137BC00DE4EAB /* Frameworks */ = {
			isa = PBXFrameworksBuildPhase;
			buildActionMask = 2147483647;
			files = (
			);
			runOnlyForDeploymentPostprocessing = 0;
		};
		D6965B392F8137BC00DE4EAB /* Frameworks */ = {
			isa = PBXFrameworksBuildPhase;
			buildActionMask = 2147483647;
			files = (
			);
			runOnlyForDeploymentPostprocessing = 0;
		};
/* End PBXFrameworksBuildPhase section */

/* Begin PBXGroup section */
		D6965B192F8137B900DE4EAB = {
			isa = PBXGroup;
			children = (
				D6965B242F8137B900DE4EAB /* HelloAnimation */,
				D6965B352F8137BC00DE4EAB /* HelloAnimationTests */,
				D6965B3F2F8137BC00DE4EAB /* HelloAnimationUITests */,
				D6965B232F8137B900DE4EAB /* Products */,
			);
			sourceTree = "<group>";
		};
		D6965B232F8137B900DE4EAB /* Products */ = {
			isa = PBXGroup;
			children = (
				D6965B222F8137B900DE4EAB /* HelloAnimation.app */,
				D6965B322F8137BC00DE4EAB /* HelloAnimationTests.xctest */,
				D6965B3C2F8137BC00DE4EAB /* HelloAnimationUITests.xctest */,
			);
			name = Products;
			sourceTree = "<group>";
		};
		D6965B242F8137B900DE4EAB /* HelloAnimation */ = {
			isa = PBXGroup;
			children = (
				D6965B252F8137B900DE4EAB /* HelloAnimationApp.swift */,
				D6965B272F8137B900DE4EAB /* ContentView.swift */,
				D6965B292F8137BB00DE4EAB /* Assets.xcassets */,
				D6965B2B2F8137BB00DE4EAB /* Preview Content */,
				D6965B4F2F8137D500DE4EAB /* HelloShape.swift */,
			);
			path = HelloAnimation;
			sourceTree = "<group>";
		};
		D6965B2B2F8137BB00DE4EAB /* Preview Content */ = {
			isa = PBXGroup;
			children = (
				D6965B2C2F8137BB00DE4EAB /* Preview Assets.xcassets */,
			);
			path = "Preview Content";
			sourceTree = "<group>";
		};
		D6965B352F8137BC00DE4EAB /* HelloAnimationTests */ = {
			isa = PBXGroup;
			children = (
				D6965B362F8137BC00DE4EAB /* HelloAnimationTests.swift */,
			);
			path = HelloAnimationTests;
			sourceTree = "<group>";
		};
		D6965B3F2F8137BC00DE4EAB /* HelloAnimationUITests */ = {
			isa = PBXGroup;
			children = (
				D6965B402F8137BC00DE4EAB /* HelloAnimationUITests.swift */,
				D6965B422F8137BC00DE4EAB /* HelloAnimationUITestsLaunchTests.swift */,
			);
			path = HelloAnimationUITests;
			sourceTree = "<group>";
		};
/* End PBXGroup section */

/* Begin PBXNativeTarget section */
		D6965B212F8137B900DE4EAB /* HelloAnimation */ = {
			isa = PBXNativeTarget;
			buildConfigurationList = D6965B462F8137BC00DE4EAB /* Build configuration list for PBXNativeTarget "HelloAnimation" */;
			buildPhases = (
				D6965B1E2F8137B900DE4EAB /* Sources */,
				D6965B1F2F8137B900DE4EAB /* Frameworks */,
				D6965B202F8137B900DE4EAB /* Resources */,
			);
			buildRules = (
			);
			dependencies = (
			);
			name = HelloAnimation;
			productName = HelloAnimation;
			productReference = D6965B222F8137B900DE4EAB /* HelloAnimation.app */;
			productType = "com.apple.product-type.application";
		};
		D6965B312F8137BC00DE4EAB /* HelloAnimationTests */ = {
			isa = PBXNativeTarget;
			buildConfigurationList = D6965B492F8137BC00DE4EAB /* Build configuration list for PBXNativeTarget "HelloAnimationTests" */;
			buildPhases = (
				D6965B2E2F8137BC00DE4EAB /* Sources */,
				D6965B2F2F8137BC00DE4EAB /* Frameworks */,
				D6965B302F8137BC00DE4EAB /* Resources */,
			);
			buildRules = (
			);
			dependencies = (
				D6965B342F8137BC00DE4EAB /* PBXTargetDependency */,
			);
			name = HelloAnimationTests;
			productName = HelloAnimationTests;
			productReference = D6965B322F8137BC00DE4EAB /* HelloAnimationTests.xctest */;
			productType = "com.apple.product-type.bundle.unit-test";
		};
		D6965B3B2F8137BC00DE4EAB /* HelloAnimationUITests */ = {
			isa = PBXNativeTarget;
			buildConfigurationList = D6965B4C2F8137BC00DE4EAB /* Build configuration list for PBXNativeTarget "HelloAnimationUITests" */;
			buildPhases = (
				D6965B382F8137BC00DE4EAB /* Sources */,
				D6965B392F8137BC00DE4EAB /* Frameworks */,
				D6965B3A2F8137BC00DE4EAB /* Resources */,
			);
			buildRules = (
			);
			dependencies = (
				D6965B3E2F8137BC00DE4EAB /* PBXTargetDependency */,
			);
			name = HelloAnimationUITests;
			productName = HelloAnimationUITests;
			productReference = D6965B3C2F8137BC00DE4EAB /* HelloAnimationUITests.xctest */;
			productType = "com.apple.product-type.bundle.ui-testing";
		};
/* End PBXNativeTarget section */

/* Begin PBXProject section */
		D6965B1A2F8137B900DE4EAB /* Project object */ = {
			isa = PBXProject;
			attributes = {
				BuildIndependentTargetsInParallel = 1;
				LastSwiftUpdateCheck = 1510;
				LastUpgradeCheck = 1510;
				TargetAttributes = {
					D6965B212F8137B900DE4EAB = {
						CreatedOnToolsVersion = 15.1;
					};
					D6965B312F8137BC00DE4EAB = {
						CreatedOnToolsVersion = 15.1;
						TestTargetID = D6965B212F8137B900DE4EAB;
					};
					D6965B3B2F8137BC00DE4EAB = {
						CreatedOnToolsVersion = 15.1;
						TestTargetID = D6965B212F8137B900DE4EAB;
					};
				};
			};
			buildConfigurationList = D6965B1D2F8137B900DE4EAB /* Build configuration list for PBXProject "HelloAnimation" */;
			compatibilityVersion = "Xcode 14.0";
			developmentRegion = en;
			hasScannedForEncodings = 0;
			knownRegions = (
				en,
				Base,
			);
			mainGroup = D6965B192F8137B900DE4EAB;
			productRefGroup = D6965B232F8137B900DE4EAB /* Products */;
			projectDirPath = "";
			projectRoot = "";
			targets = (
				D6965B212F8137B900DE4EAB /* HelloAnimation */,
				D6965B312F8137BC00DE4EAB /* HelloAnimationTests */,
				D6965B3B2F8137BC00DE4EAB /* HelloAnimationUITests */,
			);
		};
/* End PBXProject section */

/* Begin PBXResourcesBuildPhase section */
		D6965B202F8137B900DE4EAB /* Resources */ = {
			isa = PBXResourcesBuildPhase;
			buildActionMask = 2147483647;
			files = (
				D6965B2D2F8137BB00DE4EAB /* Preview Assets.xcassets in Resources */,
				D6965B2A2F8137BB00DE4EAB /* Assets.xcassets in Resources */,
			);
			runOnlyForDeploymentPostprocessing = 0;
		};
		D6965B302F8137BC00DE4EAB /* Resources */ = {
			isa = PBXResourcesBuildPhase;
			buildActionMask = 2147483647;
			files = (
			);
			runOnlyForDeploymentPostprocessing = 0;
		};
		D6965B3A2F8137BC00DE4EAB /* Resources */ = {
			isa = PBXResourcesBuildPhase;
			buildActionMask = 2147483647;
			files = (
			);
			runOnlyForDeploymentPostprocessing = 0;
		};
/* End PBXResourcesBuildPhase section */

/* Begin PBXSourcesBuildPhase section */
		D6965B1E2F8137B900DE4EAB /* Sources */ = {
			isa = PBXSourcesBuildPhase;
			buildActionMask = 2147483647;
			files = (
				D6965B282F8137B900DE4EAB /* ContentView.swift in Sources */,
				D6965B262F8137B900DE4EAB /* HelloAnimationApp.swift in Sources */,
				D6965B502F8137D600DE4EAB /* HelloShape.swift in Sources */,
			);
			runOnlyForDeploymentPostprocessing = 0;
		};
		D6965B2E2F8137BC00DE4EAB /* Sources */ = {
			isa = PBXSourcesBuildPhase;
			buildActionMask = 2147483647;
			files = (
				D6965B372F8137BC00DE4EAB /* HelloAnimationTests.swift in Sources */,
			);
			runOnlyForDeploymentPostprocessing = 0;
		};
		D6965B382F8137BC00DE4EAB /* Sources */ = {
			isa = PBXSourcesBuildPhase;
			buildActionMask = 2147483647;
			files = (
				D6965B432F8137BC00DE4EAB /* HelloAnimationUITestsLaunchTests.swift in Sources */,
				D6965B412F8137BC00DE4EAB /* HelloAnimationUITests.swift in Sources */,
			);
			runOnlyForDeploymentPostprocessing = 0;
		};
/* End PBXSourcesBuildPhase section */

/* Begin PBXTargetDependency section */
		D6965B342F8137BC00DE4EAB /* PBXTargetDependency */ = {
			isa = PBXTargetDependency;
			target = D6965B212F8137B900DE4EAB /* HelloAnimation */;
			targetProxy = D6965B332F8137BC00DE4EAB /* PBXContainerItemProxy */;
		};
		D6965B3E2F8137BC00DE4EAB /* PBXTargetDependency */ = {
			isa = PBXTargetDependency;
			target = D6965B212F8137B900DE4EAB /* HelloAnimation */;
			targetProxy = D6965B3D2F8137BC00DE4EAB /* PBXContainerItemProxy */;
		};
/* End PBXTargetDependency section */

/* Begin XCBuildConfiguration section */
		D6965B442F8137BC00DE4EAB /* Debug */ = {
			isa = XCBuildConfiguration;
			buildSettings = {
				ALWAYS_SEARCH_USER_PATHS = NO;
				ASSETCATALOG_COMPILER_GENERATE_SWIFT_ASSET_SYMBOL_EXTENSIONS = YES;
				CLANG_ANALYZER_NONNULL = YES;
				CLANG_ANALYZER_NUMBER_OBJECT_CONVERSION = YES_AGGRESSIVE;
				CLANG_CXX_LANGUAGE_STANDARD = "gnu++20";
				CLANG_ENABLE_MODULES = YES;
				CLANG_ENABLE_OBJC_ARC = YES;
				CLANG_ENABLE_OBJC_WEAK = YES;
				CLANG_WARN_BLOCK_CAPTURE_AUTORELEASING = YES;
				CLANG_WARN_BOOL_CONVERSION = YES;
				CLANG_WARN_COMMA = YES;
				CLANG_WARN_CONSTANT_CONVERSION = YES;
				CLANG_WARN_DEPRECATED_OBJC_IMPLEMENTATIONS = YES;
				CLANG_WARN_DIRECT_OBJC_ISA_USAGE = YES_ERROR;
				CLANG_WARN_DOCUMENTATION_COMMENTS = YES;
				CLANG_WARN_EMPTY_BODY = YES;
				CLANG_WARN_ENUM_CONVERSION = YES;
				CLANG_WARN_INFINITE_RECURSION = YES;
				CLANG_WARN_INT_CONVERSION = YES;
				CLANG_WARN_NON_LITERAL_NULL_CONVERSION = YES;
				CLANG_WARN_OBJC_IMPLICIT_RETAIN_SELF = YES;
				CLANG_WARN_OBJC_LITERAL_CONVERSION = YES;
				CLANG_WARN_OBJC_ROOT_CLASS = YES_ERROR;
				CLANG_WARN_QUOTED_INCLUDE_IN_FRAMEWORK_HEADER = YES;
				CLANG_WARN_RANGE_LOOP_ANALYSIS = YES;
				CLANG_WARN_STRICT_PROTOTYPES = YES;
				CLANG_WARN_SUSPICIOUS_MOVE = YES;
				CLANG_WARN_UNGUARDED_AVAILABILITY = YES_AGGRESSIVE;
				CLANG_WARN_UNREACHABLE_CODE = YES;
				CLANG_WARN__DUPLICATE_METHOD_MATCH = YES;
				COPY_PHASE_STRIP = NO;
				DEBUG_INFORMATION_FORMAT = dwarf;
				ENABLE_STRICT_OBJC_MSGSEND = YES;
				ENABLE_TESTABILITY = YES;
				ENABLE_USER_SCRIPT_SANDBOXING = YES;
				GCC_C_LANGUAGE_STANDARD = gnu17;
				GCC_DYNAMIC_NO_PIC = NO;
				GCC_NO_COMMON_BLOCKS = YES;
				GCC_OPTIMIZATION_LEVEL = 0;
				GCC_PREPROCESSOR_DEFINITIONS = (
					"DEBUG=1",
					"$(inherited)",
				);
				GCC_WARN_64_TO_32_BIT_CONVERSION = YES;
				GCC_WARN_ABOUT_RETURN_TYPE = YES_ERROR;
				GCC_WARN_UNDECLARED_SELECTOR = YES;
				GCC_WARN_UNINITIALIZED_AUTOS = YES_AGGRESSIVE;
				GCC_WARN_UNUSED_FUNCTION = YES;
				GCC_WARN_UNUSED_VARIABLE = YES;
				IPHONEOS_DEPLOYMENT_TARGET = 17.2;
				LOCALIZATION_PREFERS_STRING_CATALOGS = YES;
				MTL_ENABLE_DEBUG_INFO = INCLUDE_SOURCE;
				MTL_FAST_MATH = YES;
				ONLY_ACTIVE_ARCH = YES;
				SDKROOT = iphoneos;
				SWIFT_ACTIVE_COMPILATION_CONDITIONS = "DEBUG $(inherited)";
				SWIFT_OPTIMIZATION_LEVEL = "-Onone";
			};
			name = Debug;
		};
		D6965B452F8137BC00DE4EAB /* Release */ = {
			isa = XCBuildConfiguration;
			buildSettings = {
				ALWAYS_SEARCH_USER_PATHS = NO;
				ASSETCATALOG_COMPILER_GENERATE_SWIFT_ASSET_SYMBOL_EXTENSIONS = YES;
				CLANG_ANALYZER_NONNULL = YES;
				CLANG_ANALYZER_NUMBER_OBJECT_CONVERSION = YES_AGGRESSIVE;
				CLANG_CXX_LANGUAGE_STANDARD = "gnu++20";
				CLANG_ENABLE_MODULES = YES;
				CLANG_ENABLE_OBJC_ARC = YES;
				CLANG_ENABLE_OBJC_WEAK = YES;
				CLANG_WARN_BLOCK_CAPTURE_AUTORELEASING = YES;
				CLANG_WARN_BOOL_CONVERSION = YES;
				CLANG_WARN_COMMA = YES;
				CLANG_WARN_CONSTANT_CONVERSION = YES;
				CLANG_WARN_DEPRECATED_OBJC_IMPLEMENTATIONS = YES;
				CLANG_WARN_DIRECT_OBJC_ISA_USAGE = YES_ERROR;
				CLANG_WARN_DOCUMENTATION_COMMENTS = YES;
				CLANG_WARN_EMPTY_BODY = YES;
				CLANG_WARN_ENUM_CONVERSION = YES;
				CLANG_WARN_INFINITE_RECURSION = YES;
				CLANG_WARN_INT_CONVERSION = YES;
				CLANG_WARN_NON_LITERAL_NULL_CONVERSION = YES;
				CLANG_WARN_OBJC_IMPLICIT_RETAIN_SELF = YES;
				CLANG_WARN_OBJC_LITERAL_CONVERSION = YES;
				CLANG_WARN_OBJC_ROOT_CLASS = YES_ERROR;
				CLANG_WARN_QUOTED_INCLUDE_IN_FRAMEWORK_HEADER = YES;
				CLANG_WARN_RANGE_LOOP_ANALYSIS = YES;
				CLANG_WARN_STRICT_PROTOTYPES = YES;
				CLANG_WARN_SUSPICIOUS_MOVE = YES;
				CLANG_WARN_UNGUARDED_AVAILABILITY = YES_AGGRESSIVE;
				CLANG_WARN_UNREACHABLE_CODE = YES;
				CLANG_WARN__DUPLICATE_METHOD_MATCH = YES;
				COPY_PHASE_STRIP = NO;
				DEBUG_INFORMATION_FORMAT = "dwarf-with-dsym";
				ENABLE_NS_ASSERTIONS = NO;
				ENABLE_STRICT_OBJC_MSGSEND = YES;
				ENABLE_USER_SCRIPT_SANDBOXING = YES;
				GCC_C_LANGUAGE_STANDARD = gnu17;
				GCC_NO_COMMON_BLOCKS = YES;
				GCC_WARN_64_TO_32_BIT_CONVERSION = YES;
				GCC_WARN_ABOUT_RETURN_TYPE = YES_ERROR;
				GCC_WARN_UNDECLARED_SELECTOR = YES;
				GCC_WARN_UNINITIALIZED_AUTOS = YES_AGGRESSIVE;
				GCC_WARN_UNUSED_FUNCTION = YES;
				GCC_WARN_UNUSED_VARIABLE = YES;
				IPHONEOS_DEPLOYMENT_TARGET = 17.2;
				LOCALIZATION_PREFERS_STRING_CATALOGS = YES;
				MTL_ENABLE_DEBUG_INFO = NO;
				MTL_FAST_MATH = YES;
				SDKROOT = iphoneos;
				SWIFT_COMPILATION_MODE = wholemodule;
				VALIDATE_PRODUCT = YES;
			};
			name = Release;
		};
		D6965B472F8137BC00DE4EAB /* Debug */ = {
			isa = XCBuildConfiguration;
			buildSettings = {
				ASSETCATALOG_COMPILER_APPICON_NAME = AppIcon;
				ASSETCATALOG_COMPILER_GLOBAL_ACCENT_COLOR_NAME = AccentColor;
				CODE_SIGN_STYLE = Automatic;
				CURRENT_PROJECT_VERSION = 1;
				DEVELOPMENT_ASSET_PATHS = "\"HelloAnimation/Preview Content\"";
				DEVELOPMENT_TEAM = K6LJCT8RAA;
				ENABLE_PREVIEWS = YES;
				GENERATE_INFOPLIST_FILE = YES;
				INFOPLIST_KEY_UIApplicationSceneManifest_Generation = YES;
				INFOPLIST_KEY_UIApplicationSupportsIndirectInputEvents = YES;
				INFOPLIST_KEY_UILaunchScreen_Generation = YES;
				INFOPLIST_KEY_UISupportedInterfaceOrientations_iPad = "UIInterfaceOrientationPortrait UIInterfaceOrientationPortraitUpsideDown UIInterfaceOrientationLandscapeLeft UIInterfaceOrientationLandscapeRight";
				INFOPLIST_KEY_UISupportedInterfaceOrientations_iPhone = "UIInterfaceOrientationPortrait UIInterfaceOrientationLandscapeLeft UIInterfaceOrientationLandscapeRight";
				LD_RUNPATH_SEARCH_PATHS = (
					"$(inherited)",
					"@executable_path/Frameworks",
				);
				MARKETING_VERSION = 1.0;
				PRODUCT_BUNDLE_IDENTIFIER = com.macOS.HelloAnimation;
				PRODUCT_NAME = "$(TARGET_NAME)";
				SWIFT_EMIT_LOC_STRINGS = YES;
				SWIFT_VERSION = 5.0;
				TARGETED_DEVICE_FAMILY = "1,2";
			};
			name = Debug;
		};
		D6965B482F8137BC00DE4EAB /* Release */ = {
			isa = XCBuildConfiguration;
			buildSettings = {
				ASSETCATALOG_COMPILER_APPICON_NAME = AppIcon;
				ASSETCATALOG_COMPILER_GLOBAL_ACCENT_COLOR_NAME = AccentColor;
				CODE_SIGN_STYLE = Automatic;
				CURRENT_PROJECT_VERSION = 1;
				DEVELOPMENT_ASSET_PATHS = "\"HelloAnimation/Preview Content\"";
				DEVELOPMENT_TEAM = K6LJCT8RAA;
				ENABLE_PREVIEWS = YES;
				GENERATE_INFOPLIST_FILE = YES;
				INFOPLIST_KEY_UIApplicationSceneManifest_Generation = YES;
				INFOPLIST_KEY_UIApplicationSupportsIndirectInputEvents = YES;
				INFOPLIST_KEY_UILaunchScreen_Generation = YES;
				INFOPLIST_KEY_UISupportedInterfaceOrientations_iPad = "UIInterfaceOrientationPortrait UIInterfaceOrientationPortraitUpsideDown UIInterfaceOrientationLandscapeLeft UIInterfaceOrientationLandscapeRight";
				INFOPLIST_KEY_UISupportedInterfaceOrientations_iPhone = "UIInterfaceOrientationPortrait UIInterfaceOrientationLandscapeLeft UIInterfaceOrientationLandscapeRight";
				LD_RUNPATH_SEARCH_PATHS = (
					"$(inherited)",
					"@executable_path/Frameworks",
				);
				MARKETING_VERSION = 1.0;
				PRODUCT_BUNDLE_IDENTIFIER = com.macOS.HelloAnimation;
				PRODUCT_NAME = "$(TARGET_NAME)";
				SWIFT_EMIT_LOC_STRINGS = YES;
				SWIFT_VERSION = 5.0;
				TARGETED_DEVICE_FAMILY = "1,2";
			};
			name = Release;
		};
		D6965B4A2F8137BC00DE4EAB /* Debug */ = {
			isa = XCBuildConfiguration;
			buildSettings = {
				ALWAYS_EMBED_SWIFT_STANDARD_LIBRARIES = YES;
				BUNDLE_LOADER = "$(TEST_HOST)";
				CODE_SIGN_STYLE = Automatic;
				CURRENT_PROJECT_VERSION = 1;
				DEVELOPMENT_TEAM = K6LJCT8RAA;
				GENERATE_INFOPLIST_FILE = YES;
				IPHONEOS_DEPLOYMENT_TARGET = 17.2;
				MARKETING_VERSION = 1.0;
				PRODUCT_BUNDLE_IDENTIFIER = com.macOS.HelloAnimationTests;
				PRODUCT_NAME = "$(TARGET_NAME)";
				SWIFT_EMIT_LOC_STRINGS = NO;
				SWIFT_VERSION = 5.0;
				TARGETED_DEVICE_FAMILY = "1,2";
				TEST_HOST = "$(BUILT_PRODUCTS_DIR)/HelloAnimation.app/$(BUNDLE_EXECUTABLE_FOLDER_PATH)/HelloAnimation";
			};
			name = Debug;
		};
		D6965B4B2F8137BC00DE4EAB /* Release */ = {
			isa = XCBuildConfiguration;
			buildSettings = {
				ALWAYS_EMBED_SWIFT_STANDARD_LIBRARIES = YES;
				BUNDLE_LOADER = "$(TEST_HOST)";
				CODE_SIGN_STYLE = Automatic;
				CURRENT_PROJECT_VERSION = 1;
				DEVELOPMENT_TEAM = K6LJCT8RAA;
				GENERATE_INFOPLIST_FILE = YES;
				IPHONEOS_DEPLOYMENT_TARGET = 17.2;
				MARKETING_VERSION = 1.0;
				PRODUCT_BUNDLE_IDENTIFIER = com.macOS.HelloAnimationTests;
				PRODUCT_NAME = "$(TARGET_NAME)";
				SWIFT_EMIT_LOC_STRINGS = NO;
				SWIFT_VERSION = 5.0;
				TARGETED_DEVICE_FAMILY = "1,2";
				TEST_HOST = "$(BUILT_PRODUCTS_DIR)/HelloAnimation.app/$(BUNDLE_EXECUTABLE_FOLDER_PATH)/HelloAnimation";
			};
			name = Release;
		};
		D6965B4D2F8137BC00DE4EAB /* Debug */ = {
			isa = XCBuildConfiguration;
			buildSettings = {
				ALWAYS_EMBED_SWIFT_STANDARD_LIBRARIES = YES;
				CODE_SIGN_STYLE = Automatic;
				CURRENT_PROJECT_VERSION = 1;
				DEVELOPMENT_TEAM = K6LJCT8RAA;
				GENERATE_INFOPLIST_FILE = YES;
				MARKETING_VERSION = 1.0;
				PRODUCT_BUNDLE_IDENTIFIER = com.macOS.HelloAnimationUITests;
				PRODUCT_NAME = "$(TARGET_NAME)";
				SWIFT_EMIT_LOC_STRINGS = NO;
				SWIFT_VERSION = 5.0;
				TARGETED_DEVICE_FAMILY = "1,2";
				TEST_TARGET_NAME = HelloAnimation;
			};
			name = Debug;
		};
		D6965B4E2F8137BC00DE4EAB /* Release */ = {
			isa = XCBuildConfiguration;
			buildSettings = {
				ALWAYS_EMBED_SWIFT_STANDARD_LIBRARIES = YES;
				CODE_SIGN_STYLE = Automatic;
				CURRENT_PROJECT_VERSION = 1;
				DEVELOPMENT_TEAM = K6LJCT8RAA;
				GENERATE_INFOPLIST_FILE = YES;
				MARKETING_VERSION = 1.0;
				PRODUCT_BUNDLE_IDENTIFIER = com.macOS.HelloAnimationUITests;
				PRODUCT_NAME = "$(TARGET_NAME)";
				SWIFT_EMIT_LOC_STRINGS = NO;
				SWIFT_VERSION = 5.0;
				TARGETED_DEVICE_FAMILY = "1,2";
				TEST_TARGET_NAME = HelloAnimation;
			};
			name = Release;
		};
/* End XCBuildConfiguration section */

/* Begin XCConfigurationList section */
		D6965B1D2F8137B900DE4EAB /* Build configuration list for PBXProject "HelloAnimation" */ = {
			isa = XCConfigurationList;
			buildConfigurations = (
				D6965B442F8137BC00DE4EAB /* Debug */,
				D6965B452F8137BC00DE4EAB /* Release */,
			);
			defaultConfigurationIsVisible = 0;
			defaultConfigurationName = Release;
		};
		D6965B462F8137BC00DE4EAB /* Build configuration list for PBXNativeTarget "HelloAnimation" */ = {
			isa = XCConfigurationList;
			buildConfigurations = (
				D6965B472F8137BC00DE4EAB /* Debug */,
				D6965B482F8137BC00DE4EAB /* Release */,
			);
			defaultConfigurationIsVisible = 0;
			defaultConfigurationName = Release;
		};
		D6965B492F8137BC00DE4EAB /* Build configuration list for PBXNativeTarget "HelloAnimationTests" */ = {
			isa = XCConfigurationList;
			buildConfigurations = (
				D6965B4A2F8137BC00DE4EAB /* Debug */,
				D6965B4B2F8137BC00DE4EAB /* Release */,
			);
			defaultConfigurationIsVisible = 0;
			defaultConfigurationName = Release;
		};
		D6965B4C2F8137BC00DE4EAB /* Build configuration list for PBXNativeTarget "HelloAnimationUITests" */ = {
			isa = XCConfigurationList;
			buildConfigurations = (
				D6965B4D2F8137BC00DE4EAB /* Debug */,
				D6965B4E2F8137BC00DE4EAB /* Release */,
			);
			defaultConfigurationIsVisible = 0;
			defaultConfigurationName = Release;
		};
/* End XCConfigurationList section */
	};
	rootObject = D6965B1A2F8137B900DE4EAB /* Project object */;
}
